
Microsoft Visual Studio Solution File, Format Version 12.00
# Visual Studio Version 16
VisualStudioVersion = 16.0.31515.178
MinimumVisualStudioVersion = 10.0.40219.1
Project("{FAE04EC0-301F-11D3-BF4B-00C04F79EFBC}") = "Marketplace.Web", "Marketplace.Web\Marketplace.Web.csproj", "{EE39BD7C-8312-4234-B1C4-520B87094378}"
EndProject
Global
	GlobalSection(SolutionConfigurationPlatforms) = preSolution
		Debug|Any CPU = Debug|Any CPU
		Release|Any CPU = Release|Any CPU
	EndGlobalSection
	GlobalSection(ProjectConfigurationPlatforms) = postSolution
		{EE39BD7C-8312-4234-B1C4-520B87094378}.Debug|Any CPU.ActiveCfg = Debug|Any CPU
		{EE39BD7C-8312-4234-B1C4-520B87094378}.Debug|Any CPU.Build.0 = Debug|Any CPU
		{EE39BD7C-8312-4234-B1C4-520B87094378}.Release|Any CPU.ActiveCfg = Release|Any CPU
		{EE39BD7C-8312-4234-B1C4-520B87094378}.Release|Any CPU.Build.0 = Release|Any CPU
	EndGlobalSection
	GlobalSection(SolutionProperties) = preSolution
		HideSolutionNode = FALSE
	EndGlobalSection
	GlobalSection(ExtensibilityGlobals) = postSolution
		SolutionGuid = {0D6F75FA-1F10-42D8-AD98-52EAEC4839E6}
	EndGlobalSection
EndGlobal
